
Microsoft Visual Studio Solution File, Format Version 12.00
# Visual Studio Version 16
VisualStudioVersion = 16.0.31402.337
MinimumVisualStudioVersion = 10.0.40219.1
Project("{00D1A9C2-B5F0-4AF3-8072-F6C62B433612}") = "TimsDinerDB", "TimsDinerDB\TimsDinerDB.sqlproj", "{7CB04F19-1506-4057-8F4C-EF82B3FA1173}"
EndProject
Project("{FAE04EC0-301F-11D3-BF4B-00C04F79EFBC}") = "DataLibrary", "DataLibrary\DataLibrary.csproj", "{87AA1AD6-7E35-4472-8CFD-47603BB6D54A}"
EndProject
Global
	GlobalSection(SolutionConfigurationPlatforms) = preSolution
		Debug|Any CPU = Debug|Any CPU
		Release|Any CPU = Release|Any CPU
	EndGlobalSection
	GlobalSection(ProjectConfigurationPlatforms) = postSolution
		{7CB04F19-1506-4057-8F4C-EF82B3FA1173}.Debug|Any CPU.ActiveCfg = Debug|Any CPU
		{7CB04F19-1506-4057-8F4C-EF82B3FA1173}.Debug|Any CPU.Build.0 = Debug|Any CPU
		{7CB04F19-1506-4057-8F4C-EF82B3FA1173}.Debug|Any CPU.Deploy.0 = Debug|Any CPU
		{7CB04F19-1506-4057-8F4C-EF82B3FA1173}.Release|Any CPU.ActiveCfg = Release|Any CPU
		{7CB04F19-1506-4057-8F4C-EF82B3FA1173}.Release|Any CPU.Build.0 = Release|Any CPU
		{7CB04F19-1506-4057-8F4C-EF82B3FA1173}.Release|Any CPU.Deploy.0 = Release|Any CPU
		{87AA1AD6-7E35-4472-8CFD-47603BB6D54A}.Debug|Any CPU.ActiveCfg = Debug|Any CPU
		{87AA1AD6-7E35-4472-8CFD-47603BB6D54A}.Debug|Any CPU.Build.0 = Debug|Any CPU
		{87AA1AD6-7E35-4472-8CFD-47603BB6D54A}.Release|Any CPU.ActiveCfg = Release|Any CPU
		{87AA1AD6-7E35-4472-8CFD-47603BB6D54A}.Release|Any CPU.Build.0 = Release|Any CPU
	EndGlobalSection
	GlobalSection(SolutionProperties) = preSolution
		HideSolutionNode = FALSE
	EndGlobalSection
	GlobalSection(ExtensibilityGlobals) = postSolution
		SolutionGuid = {3E324F1C-59E4-4BBC-99C9-6A940DAE7463}
	EndGlobalSection
EndGlobal
